
Microsoft Visual Studio Solution File, Format Version 12.00
Project("{FAE04EC0-301F-11D3-BF4B-00C04F79EFBC}") = "CW-7-s2991", "CW-7-s2991\CW-7-s2991.csproj", "{E6FB2587-AEA8-4FA9-9FEE-F621478FE400}"
EndProject
Global
	GlobalSection(SolutionConfigurationPlatforms) = preSolution
		Debug|Any CPU = Debug|Any CPU
		Release|Any CPU = Release|Any CPU
	EndGlobalSection
	GlobalSection(ProjectConfigurationPlatforms) = postSolution
		{E6FB2587-AEA8-4FA9-9FEE-F621478FE400}.Debug|Any CPU.ActiveCfg = Debug|Any CPU
		{E6FB2587-AEA8-4FA9-9FEE-F621478FE400}.Debug|Any CPU.Build.0 = Debug|Any CPU
		{E6FB2587-AEA8-4FA9-9FEE-F621478FE400}.Release|Any CPU.ActiveCfg = Release|Any CPU
		{E6FB2587-AEA8-4FA9-9FEE-F621478FE400}.Release|Any CPU.Build.0 = Release|Any CPU
	EndGlobalSection
EndGlobal
